
Microsoft Visual Studio Solution File, Format Version 12.00
# Visual Studio Version 16
VisualStudioVersion = 16.0.31410.357
MinimumVisualStudioVersion = 10.0.40219.1
Project("{8BC9CEB8-8B4A-11D0-8D11-00A0C91BC942}") = "OpenGLTest", "OpenGLTest\OpenGLTest.vcxproj", "{9CEB27A6-592B-4BA9-B98B-5E600C957185}"
EndProject
Global
	GlobalSection(SolutionConfigurationPlatforms) = preSolution
		Debug|x64 = Debug|x64
		Debug|x86 = Debug|x86
		Release|x64 = Release|x64
		Release|x86 = Release|x86
	EndGlobalSection
	GlobalSection(ProjectConfigurationPlatforms) = postSolution
		{9CEB27A6-592B-4BA9-B98B-5E600C957185}.Debug|x64.ActiveCfg = Debug|x64
		{9CEB27A6-592B-4BA9-B98B-5E600C957185}.Debug|x64.Build.0 = Debug|x64
		{9CEB27A6-592B-4BA9-B98B-5E600C957185}.Debug|x86.ActiveCfg = Debug|Win32
		{9CEB27A6-592B-4BA9-B98B-5E600C957185}.Debug|x86.Build.0 = Debug|Win32
		{9CEB27A6-592B-4BA9-B98B-5E600C957185}.Release|x64.ActiveCfg = Release|x64
		{9CEB27A6-592B-4BA9-B98B-5E600C957185}.Release|x64.Build.0 = Release|x64
		{9CEB27A6-592B-4BA9-B98B-5E600C957185}.Release|x86.ActiveCfg = Release|Win32
		{9CEB27A6-592B-4BA9-B98B-5E600C957185}.Release|x86.Build.0 = Release|Win32
	EndGlobalSection
	GlobalSection(SolutionProperties) = preSolution
		HideSolutionNode = FALSE
	EndGlobalSection
	GlobalSection(ExtensibilityGlobals) = postSolution
		SolutionGuid = {AFB6809D-4079-46D3-9B23-81DDED4DFDE1}
	EndGlobalSection
EndGlobal
